hash: 867838ba9db78cc672b282426a9a02d1b5a18bbe932ba8df81b04cb847d46fca
updated: 2017-10-23T15:03:56.791746847+08:00
imports:
- name: github.com/garyburd/redigo
  version: 433969511232c397de61b1442f9fd49ec06ae9ba
  subpackages:
  - internal
  - redis
- name: github.com/go-ini/ini
  version: 20b96f641a5ea98f2f8619ff4f3e061cff4833bd
- name: github.com/go-sql-driver/mysql
  version: a0583e0143b1624142adab07e0e97fe106d99561
- name: github.com/golang/protobuf
  version: 130e6b02ab059e7b717a096f397c5b60111cae74
  subpackages:
  - proto
- name: github.com/golang/snappy
  version: 553a641470496b2327abcac10b36396bd98e45c9
- name: github.com/google/btree
  version: 316fb6d3f031ae8f4d457c6c5186b9e3ded70435
- name: github.com/natefinch/lumberjack
  version: a96e63847dc3c67d17befa69c303767e2f84e54f
- name: github.com/pierrec/lz4
  version: 08c27939df1bd95e881e2c2367a749964ad1fceb
- name: github.com/pierrec/xxHash
  version: a0006b13c722f7f12368c00a3d3c2ae8a999a0c6
  subpackages:
  - xxHash32
- name: github.com/pkg/errors
  version: 645ef00459ed84a119197bfb8d8205042c6df63d
- name: github.com/Sirupsen/logrus
  version: a3f95b5c423586578a4e099b11a46c2479628cac
- name: github.com/templexxx/cpufeat
  version: 3794dfbfb04749f896b521032f69383f24c3687e
- name: github.com/templexxx/reedsolomon
  version: 7092926d7d05c415fabb892b1464a03f8228ab80
- name: github.com/templexxx/xor
  version: 0af8e873c554da75f37f2049cdffda804533d44c
- name: github.com/vmihailenco/msgpack
  version: dbdaafbd71b260b53bc925a85240e44666d30531
  repo: https://github.com/xiaonanln/msgpack.git
  vcs: git
  subpackages:
  - codes
- name: github.com/xiaonanln/go-trie-tst
  version: 5b9678d554381de6839d42cfae140a1e50183bfe
- name: github.com/xiaonanln/go-xnsyncutil
  version: 651cde360bed712f9daa3836f65101410e30a2fd
  subpackages:
  - xnsyncutil
- name: github.com/xiaonanln/goTimer
  version: 2ebf09cd62e91c7cab7358a259ec2d8c34a2f711
- name: github.com/xiaonanln/typeconv
  version: 85972af42a8931e7b81576af3677bd6e0e2dcd39
- name: github.com/xtaci/kcp-go
  version: 44c3d76a6b5cc9e3687f829078a52f372928e776
- name: golang.org/x/crypto
  version: edd5e9b0879d13ee6970a50153d85b8fec9f7686
  subpackages:
  - blowfish
  - cast5
  - pbkdf2
  - salsa20
  - salsa20/salsa
  - tea
  - twofish
  - xtea
- name: golang.org/x/net
  version: 859d1a86bb617c0c20d154590c3c5d3fcb670b07
  subpackages:
  - bpf
  - context
  - internal/iana
  - internal/socket
  - ipv4
  - websocket
- name: golang.org/x/sys
  version: ebfc5b4631820b793c9010c87fd8fef0f39eb082
  subpackages:
  - unix
- name: google.golang.org/appengine
  version: 07f075729064fd38e1360517947f0f6e03500651
  subpackages:
  - datastore
  - internal
  - internal/app_identity
  - internal/base
  - internal/datastore
  - internal/log
  - internal/modules
  - internal/remote_api
- name: gopkg.in/eapache/queue.v1
  version: ded5959c0d4e360646dc9e9908cff48666781367
- name: gopkg.in/mgo.v2
  version: 3f83fa5005286a7fe593b055f0d7771a7dce4655
  subpackages:
  - bson
  - internal/json
  - internal/sasl
  - internal/scram
testImports:
- name: github.com/bmizerany/assert
  version: b7ed37b82869576c289d7d97fb2bbd8b64a0cb28
- name: github.com/kr/pretty
  version: cfb55aafdaf3ec08f0db22699ab822c50091b1c4
- name: github.com/kr/text
  version: 7cafcd837844e784b526369c9bce262804aebc60
