hash: 9de39a0ceb2f0c3c8a6136c612008cfb67d98169f879b9f8b3a409a786666fb6
updated: 2017-10-19T07:01:08.890779293Z
imports:
- name: github.com/garyburd/redigo
  version: 433969511232c397de61b1442f9fd49ec06ae9ba
  subpackages:
  - internal
  - redis
- name: github.com/go-ini/ini
  version: 20b96f641a5ea98f2f8619ff4f3e061cff4833bd
- name: github.com/go-sql-driver/mysql
  version: a0583e0143b1624142adab07e0e97fe106d99561
- name: github.com/golang/protobuf
  version: 130e6b02ab059e7b717a096f397c5b60111cae74
  subpackages:
  - proto
- name: github.com/golang/snappy
  version: 553a641470496b2327abcac10b36396bd98e45c9
- name: github.com/google/btree
  version: 316fb6d3f031ae8f4d457c6c5186b9e3ded70435
- name: github.com/natefinch/lumberjack
  version: a96e63847dc3c67d17befa69c303767e2f84e54f
- name: github.com/pierrec/lz4
  version: 08c27939df1bd95e881e2c2367a749964ad1fceb
- name: github.com/pierrec/xxHash
  version: a0006b13c722f7f12368c00a3d3c2ae8a999a0c6
  subpackages:
  - xxHash32
- name: github.com/pkg/errors
  version: 645ef00459ed84a119197bfb8d8205042c6df63d
- name: github.com/Sirupsen/logrus
  version: a3f95b5c423586578a4e099b11a46c2479628cac
- name: github.com/xiaonanln/go-trie-tst
  version: 5b9678d554381de6839d42cfae140a1e50183bfe
- name: github.com/xiaonanln/go-xnsyncutil
  version: c7fdf3d35fc983ee5f9d7fa561be5ce71c6196bf
  subpackages:
  - xnsyncutil
- name: github.com/xiaonanln/goTimer
  version: 2ebf09cd62e91c7cab7358a259ec2d8c34a2f711
- name: github.com/xiaonanln/typeconv
  version: 85972af42a8931e7b81576af3677bd6e0e2dcd39
- name: golang.org/x/net
  version: 859d1a86bb617c0c20d154590c3c5d3fcb670b07
  subpackages:
  - context
  - websocket
- name: golang.org/x/sys
  version: ebfc5b4631820b793c9010c87fd8fef0f39eb082
  subpackages:
  - unix
- name: google.golang.org/appengine
  version: 07f075729064fd38e1360517947f0f6e03500651
  subpackages:
  - datastore
  - internal
  - internal/app_identity
  - internal/base
  - internal/datastore
  - internal/log
  - internal/modules
  - internal/remote_api
- name: gopkg.in/eapache/queue.v1
  version: ded5959c0d4e360646dc9e9908cff48666781367
- name: gopkg.in/mgo.v2
  version: 3f83fa5005286a7fe593b055f0d7771a7dce4655
  subpackages:
  - bson
  - internal/json
  - internal/sasl
  - internal/scram
- name: gopkg.in/vmihailenco/msgpack.v2
  version: f4f8982de4ef0de18be76456617cc3f5d8d8141e
  subpackages:
  - codes
testImports:
- name: github.com/bmizerany/assert
  version: b7ed37b82869576c289d7d97fb2bbd8b64a0cb28
- name: github.com/kr/pretty
  version: cfb55aafdaf3ec08f0db22699ab822c50091b1c4
- name: github.com/kr/text
  version: 7cafcd837844e784b526369c9bce262804aebc60
