hash: 4ceebd893bf3560f8cf0c6be350b695e7d387fef8daf659587f3af16fbb1e2e4
updated: 2017-09-14T16:37:38.363009136+08:00
imports:
- name: github.com/garyburd/redigo
  version: 433969511232c397de61b1442f9fd49ec06ae9ba
  subpackages:
  - redis
- name: github.com/go-ini/ini
  version: 20b96f641a5ea98f2f8619ff4f3e061cff4833bd
- name: github.com/go-sql-driver/mysql
  version: a0583e0143b1624142adab07e0e97fe106d99561
- name: github.com/google/btree
  version: 316fb6d3f031ae8f4d457c6c5186b9e3ded70435
- name: github.com/natefinch/lumberjack
  version: a96e63847dc3c67d17befa69c303767e2f84e54f
- name: github.com/pkg/errors
  version: 645ef00459ed84a119197bfb8d8205042c6df63d
- name: github.com/Sirupsen/logrus
  version: a3f95b5c423586578a4e099b11a46c2479628cac
- name: github.com/vmihailenco/msgpack
  version: f4f8982de4ef0de18be76456617cc3f5d8d8141e
- name: github.com/xiaonanln/go-xnsyncutil
  version: 636b8be5ea62696fe6c0714beda09d5e3bb7b020
  subpackages:
  - xnsyncutil
- name: github.com/xiaonanln/goTimer
  version: 2ebf09cd62e91c7cab7358a259ec2d8c34a2f711
- name: github.com/xiaonanln/typeconv
  version: 85972af42a8931e7b81576af3677bd6e0e2dcd39
- name: golang.org/x/net
  version: 859d1a86bb617c0c20d154590c3c5d3fcb670b07
  subpackages:
  - websocket
- name: gopkg.in/mgo.v2
  version: 3f83fa5005286a7fe593b055f0d7771a7dce4655
testImports:
- name: github.com/bmizerany/assert
  version: ""
