# This file is autogenerated, do not edit; changes may be undone by the next 'dep ensure'.


[[projects]]
  name = "github.com/Sirupsen/logrus"
  packages = ["."]
  revision = "d682213848ed68c0a260ca37d6dd5ace8423f5ba"
  version = "v1.0.4"

[[projects]]
  branch = "master"
  name = "github.com/bmizerany/assert"
  packages = ["."]
  revision = "b7ed37b82869576c289d7d97fb2bbd8b64a0cb28"

[[projects]]
  name = "github.com/garyburd/redigo"
  packages = ["internal","redis"]
  revision = "d1ed5c67e5794de818ea85e6b522fda02623a484"
  version = "v1.4.0"

[[projects]]
  name = "github.com/go-ini/ini"
  packages = ["."]
  revision = "32e4c1e6bc4e7d0d8451aa6b75200d19e37a536a"
  version = "v1.32.0"

[[projects]]
  name = "github.com/go-ole/go-ole"
  packages = ["."]
  revision = "0e87ea779d9deb219633b828a023b32e1244dd57"
  version = "v1.2.0"

[[projects]]
  name = "github.com/go-sql-driver/mysql"
  packages = ["."]
  revision = "a0583e0143b1624142adab07e0e97fe106d99561"
  version = "v1.3"

[[projects]]
  branch = "master"
  name = "github.com/golang/protobuf"
  packages = ["proto"]
  revision = "925541529c1fa6821df4e44ce2723319eb2be768"

[[projects]]
  branch = "master"
  name = "github.com/golang/snappy"
  packages = ["."]
  revision = "553a641470496b2327abcac10b36396bd98e45c9"

[[projects]]
  branch = "master"
  name = "github.com/google/btree"
  packages = ["."]
  revision = "e89373fe6b4a7413d7acd6da1725b83ef713e6e4"

[[projects]]
  branch = "master"
  name = "github.com/kardianos/osext"
  packages = ["."]
  revision = "ae77be60afb1dcacde03767a8c37337fad28ac14"

[[projects]]
  branch = "master"
  name = "github.com/keybase/go-ps"
  packages = [".","darwincgo"]
  revision = "668c8856d9992f97248b3177d45743d2cc1068db"

[[projects]]
  name = "github.com/klauspost/cpuid"
  packages = ["."]
  revision = "ae7887de9fa5d2db4eaa8174a7eff2c1ac00f2da"
  version = "v1.1"

[[projects]]
  name = "github.com/klauspost/reedsolomon"
  packages = ["."]
  revision = "6bb6130ff6a76a904c1841707d65603aec9cc288"
  version = "v1.6"

[[projects]]
  branch = "master"
  name = "github.com/kr/pretty"
  packages = ["."]
  revision = "cfb55aafdaf3ec08f0db22699ab822c50091b1c4"

[[projects]]
  branch = "master"
  name = "github.com/kr/text"
  packages = ["."]
  revision = "7cafcd837844e784b526369c9bce262804aebc60"

[[projects]]
  name = "github.com/natefinch/lumberjack"
  packages = ["."]
  revision = "a96e63847dc3c67d17befa69c303767e2f84e54f"
  version = "v2.1"

[[projects]]
  branch = "master"
  name = "github.com/petar/GoLLRB"
  packages = ["llrb"]
  revision = "53be0d36a84c2a886ca057d34b6aa4468df9ccb4"

[[projects]]
  name = "github.com/pierrec/lz4"
  packages = ["."]
  revision = "2fcda4cb7018ce05a25959d2fe08c83e3329f169"
  version = "v1.1"

[[projects]]
  name = "github.com/pierrec/xxHash"
  packages = ["xxHash32"]
  revision = "f051bb7f1d1aaf1b5a665d74fb6b0217712c69f7"
  version = "v0.1.1"

[[projects]]
  name = "github.com/pkg/errors"
  packages = ["."]
  revision = "645ef00459ed84a119197bfb8d8205042c6df63d"
  version = "v0.8.0"

[[projects]]
  name = "github.com/sevlyar/go-daemon"
  packages = ["."]
  revision = "e49ef56654f54139c4dc0285f973f74e9649e729"
  version = "v0.1.2"

[[projects]]
  branch = "master"
  name = "github.com/templexxx/cpufeat"
  packages = ["."]
  revision = "3794dfbfb04749f896b521032f69383f24c3687e"

[[projects]]
  name = "github.com/templexxx/xor"
  packages = ["."]
  revision = "0af8e873c554da75f37f2049cdffda804533d44c"
  version = "0.1.2"

[[projects]]
  name = "github.com/tjfoc/gmsm"
  packages = ["sm4"]
  revision = "98aa888b79d8de04afe0fccf45ed10594efc858b"
  version = "v1.1"

[[projects]]
  name = "github.com/vmihailenco/msgpack"
  packages = [".","codes"]
  revision = "dbdaafbd71b260b53bc925a85240e44666d30531"
  source = "https://github.com/xiaonanln/msgpack.git"
  version = "v3.1.3"

[[projects]]
  name = "github.com/xiaonanln/go-aoi"
  packages = ["."]
  revision = "ee6580829802975e3e60ef5c0711a44bcc8b481e"
  version = "v0.0.2"

[[projects]]
  name = "github.com/xiaonanln/go-trie-tst"
  packages = ["."]
  revision = "5b9678d554381de6839d42cfae140a1e50183bfe"
  version = "v0.4"

[[projects]]
  name = "github.com/xiaonanln/go-xnsyncutil"
  packages = ["xnsyncutil"]
  revision = "a141ba34d327c576ad8d8eb90322bb0e967f2db8"
  version = "v0.0.4"

[[projects]]
  name = "github.com/xiaonanln/goTimer"
  packages = ["."]
  revision = "2ebf09cd62e91c7cab7358a259ec2d8c34a2f711"
  version = "v0.0.3"

[[projects]]
  name = "github.com/xiaonanln/typeconv"
  packages = ["."]
  revision = "85972af42a8931e7b81576af3677bd6e0e2dcd39"
  version = "v0.0.3"

[[projects]]
  name = "github.com/xtaci/kcp-go"
  packages = ["."]
  revision = "86eebd5cadb519b7c9306082c7eb3bcee2c49a7b"
  version = "v3.23"

[[projects]]
  branch = "master"
  name = "golang.org/x/crypto"
  packages = ["blowfish","cast5","pbkdf2","salsa20","salsa20/salsa","ssh/terminal","tea","twofish","xtea"]
  revision = "0efb9460aaf800c6376acf625be2853bceac2e06"

[[projects]]
  branch = "master"
  name = "golang.org/x/net"
  packages = ["bpf","context","internal/iana","internal/socket","ipv4","websocket"]
  revision = "0ed95abb35c445290478a5348a7b38bb154135fd"

[[projects]]
  branch = "master"
  name = "golang.org/x/sys"
  packages = ["unix","windows"]
  revision = "03467258950d845cd1877eab69461b98e8c09219"

[[projects]]
  name = "google.golang.org/appengine"
  packages = [".","datastore","internal","internal/app_identity","internal/base","internal/datastore","internal/log","internal/modules","internal/remote_api"]
  revision = "150dc57a1b433e64154302bdc40b6bb8aefa313a"
  version = "v1.0.0"

[[projects]]
  name = "gopkg.in/eapache/queue.v1"
  packages = ["."]
  revision = "44cc805cf13205b55f69e14bcb69867d1ae92f98"
  version = "v1.1.0"

[[projects]]
  branch = "v2"
  name = "gopkg.in/mgo.v2"
  packages = [".","bson","internal/json","internal/sasl","internal/scram"]
  revision = "3f83fa5005286a7fe593b055f0d7771a7dce4655"

[solve-meta]
  analyzer-name = "dep"
  analyzer-version = 1
  inputs-digest = "f891887634cb1a3f02513f79125b6e6eba270dc624c2aa131e308d9004de004f"
  solver-name = "gps-cdcl"
  solver-version = 1
